
Microsoft Visual Studio Solution File, Format Version 12.00
# Visual Studio 15
VisualStudioVersion = 15.0.28010.2041
MinimumVisualStudioVersion = 10.0.40219.1
Project("{FAE04EC0-301F-11D3-BF4B-00C04F79EFBC}") = "TakeawayApp.Android", "TakeawayApp\TakeawayApp.Android\TakeawayApp.Android.csproj", "{698C7CDB-1F99-433F-A4B0-CEF772547C31}"
EndProject
Project("{FAE04EC0-301F-11D3-BF4B-00C04F79EFBC}") = "TakeawayApp.iOS", "TakeawayApp\TakeawayApp.iOS\TakeawayApp.iOS.csproj", "{D6DD5733-1F45-4275-9D76-97204E759E14}"
EndProject
Project("{FAE04EC0-301F-11D3-BF4B-00C04F79EFBC}") = "TakeawayApp", "TakeawayApp\TakeawayApp\TakeawayApp.csproj", "{4E39662D-1F0E-40BD-890B-AD91D40E5C11}"
EndProject
Global
	GlobalSection(SolutionConfigurationPlatforms) = preSolution
		Ad-Hoc|Any CPU = Ad-Hoc|Any CPU
		Ad-Hoc|iPhone = Ad-Hoc|iPhone
		Ad-Hoc|iPhoneSimulator = Ad-Hoc|iPhoneSimulator
		AppStore|Any CPU = AppStore|Any CPU
		AppStore|iPhone = AppStore|iPhone
		AppStore|iPhoneSimulator = AppStore|iPhoneSimulator
		Debug|Any CPU = Debug|Any CPU
		Debug|iPhone = Debug|iPhone
		Debug|iPhoneSimulator = Debug|iPhoneSimulator
		Release|Any CPU = Release|Any CPU
		Release|iPhone = Release|iPhone
		Release|iPhoneSimulator = Release|iPhoneSimulator
	EndGlobalSection
	GlobalSection(ProjectConfigurationPlatforms) = postSolution
		{698C7CDB-1F99-433F-A4B0-CEF772547C31}.Ad-Hoc|Any CPU.ActiveCfg = Release|Any CPU
		{698C7CDB-1F99-433F-A4B0-CEF772547C31}.Ad-Hoc|Any CPU.Build.0 = Release|Any CPU
		{698C7CDB-1F99-433F-A4B0-CEF772547C31}.Ad-Hoc|Any CPU.Deploy.0 = Release|Any CPU
		{698C7CDB-1F99-433F-A4B0-CEF772547C31}.Ad-Hoc|iPhone.ActiveCfg = Release|Any CPU
		{698C7CDB-1F99-433F-A4B0-CEF772547C31}.Ad-Hoc|iPhone.Build.0 = Release|Any CPU
		{698C7CDB-1F99-433F-A4B0-CEF772547C31}.Ad-Hoc|iPhone.Deploy.0 = Release|Any CPU
		{698C7CDB-1F99-433F-A4B0-CEF772547C31}.Ad-Hoc|iPhoneSimulator.ActiveCfg = Release|Any CPU
		{698C7CDB-1F99-433F-A4B0-CEF772547C31}.Ad-Hoc|iPhoneSimulator.Build.0 = Release|Any CPU
		{698C7CDB-1F99-433F-A4B0-CEF772547C31}.Ad-Hoc|iPhoneSimulator.Deploy.0 = Release|Any CPU
		{698C7CDB-1F99-433F-A4B0-CEF772547C31}.AppStore|Any CPU.ActiveCfg = Release|Any CPU
		{698C7CDB-1F99-433F-A4B0-CEF772547C31}.AppStore|Any CPU.Build.0 = Release|Any CPU
		{698C7CDB-1F99-433F-A4B0-CEF772547C31}.AppStore|Any CPU.Deploy.0 = Release|Any CPU
		{698C7CDB-1F99-433F-A4B0-CEF772547C31}.AppStore|iPhone.ActiveCfg = Release|Any CPU
		{698C7CDB-1F99-433F-A4B0-CEF772547C31}.AppStore|iPhone.Build.0 = Release|Any CPU
		{698C7CDB-1F99-433F-A4B0-CEF772547C31}.AppStore|iPhone.Deploy.0 = Release|Any CPU
		{698C7CDB-1F99-433F-A4B0-CEF772547C31}.AppStore|iPhoneSimulator.ActiveCfg = Release|Any CPU
		{698C7CDB-1F99-433F-A4B0-CEF772547C31}.AppStore|iPhoneSimulator.Build.0 = Release|Any CPU
		{698C7CDB-1F99-433F-A4B0-CEF772547C31}.AppStore|iPhoneSimulator.Deploy.0 = Release|Any CPU
		{698C7CDB-1F99-433F-A4B0-CEF772547C31}.Debug|Any CPU.ActiveCfg = Debug|Any CPU
		{698C7CDB-1F99-433F-A4B0-CEF772547C31}.Debug|Any CPU.Build.0 = Debug|Any CPU
		{698C7CDB-1F99-433F-A4B0-CEF772547C31}.Debug|Any CPU.Deploy.0 = Debug|Any CPU
		{698C7CDB-1F99-433F-A4B0-CEF772547C31}.Debug|iPhone.ActiveCfg = Debug|Any CPU
		{698C7CDB-1F99-433F-A4B0-CEF772547C31}.Debug|iPhone.Build.0 = Debug|Any CPU
		{698C7CDB-1F99-433F-A4B0-CEF772547C31}.Debug|iPhone.Deploy.0 = Debug|Any CPU
		{698C7CDB-1F99-433F-A4B0-CEF772547C31}.Debug|iPhoneSimulator.ActiveCfg = Debug|Any CPU
		{698C7CDB-1F99-433F-A4B0-CEF772547C31}.Debug|iPhoneSimulator.Build.0 = Debug|Any CPU
		{698C7CDB-1F99-433F-A4B0-CEF772547C31}.Debug|iPhoneSimulator.Deploy.0 = Debug|Any CPU
		{698C7CDB-1F99-433F-A4B0-CEF772547C31}.Release|Any CPU.ActiveCfg = Release|Any CPU
		{698C7CDB-1F99-433F-A4B0-CEF772547C31}.Release|Any CPU.Build.0 = Release|Any CPU
		{698C7CDB-1F99-433F-A4B0-CEF772547C31}.Release|Any CPU.Deploy.0 = Release|Any CPU
		{698C7CDB-1F99-433F-A4B0-CEF772547C31}.Release|iPhone.ActiveCfg = Release|Any CPU
		{698C7CDB-1F99-433F-A4B0-CEF772547C31}.Release|iPhone.Build.0 = Release|Any CPU
		{698C7CDB-1F99-433F-A4B0-CEF772547C31}.Release|iPhone.Deploy.0 = Release|Any CPU
		{698C7CDB-1F99-433F-A4B0-CEF772547C31}.Release|iPhoneSimulator.ActiveCfg = Release|Any CPU
		{698C7CDB-1F99-433F-A4B0-CEF772547C31}.Release|iPhoneSimulator.Build.0 = Release|Any CPU
		{698C7CDB-1F99-433F-A4B0-CEF772547C31}.Release|iPhoneSimulator.Deploy.0 = Release|Any CPU
		{D6DD5733-1F45-4275-9D76-97204E759E14}.Ad-Hoc|Any CPU.ActiveCfg = Ad-Hoc|iPhone
		{D6DD5733-1F45-4275-9D76-97204E759E14}.Ad-Hoc|Any CPU.Build.0 = Ad-Hoc|iPhone
		{D6DD5733-1F45-4275-9D76-97204E759E14}.Ad-Hoc|Any CPU.Deploy.0 = Ad-Hoc|iPhone
		{D6DD5733-1F45-4275-9D76-97204E759E14}.Ad-Hoc|iPhone.ActiveCfg = Ad-Hoc|iPhone
		{D6DD5733-1F45-4275-9D76-97204E759E14}.Ad-Hoc|iPhone.Build.0 = Ad-Hoc|iPhone
		{D6DD5733-1F45-4275-9D76-97204E759E14}.Ad-Hoc|iPhone.Deploy.0 = Ad-Hoc|iPhone
		{D6DD5733-1F45-4275-9D76-97204E759E14}.Ad-Hoc|iPhoneSimulator.ActiveCfg = Ad-Hoc|iPhoneSimulator
		{D6DD5733-1F45-4275-9D76-97204E759E14}.Ad-Hoc|iPhoneSimulator.Build.0 = Ad-Hoc|iPhoneSimulator
		{D6DD5733-1F45-4275-9D76-97204E759E14}.Ad-Hoc|iPhoneSimulator.Deploy.0 = Ad-Hoc|iPhoneSimulator
		{D6DD5733-1F45-4275-9D76-97204E759E14}.AppStore|Any CPU.ActiveCfg = AppStore|iPhone
		{D6DD5733-1F45-4275-9D76-97204E759E14}.AppStore|Any CPU.Build.0 = AppStore|iPhone
		{D6DD5733-1F45-4275-9D76-97204E759E14}.AppStore|Any CPU.Deploy.0 = AppStore|iPhone
		{D6DD5733-1F45-4275-9D76-97204E759E14}.AppStore|iPhone.ActiveCfg = AppStore|iPhone
		{D6DD5733-1F45-4275-9D76-97204E759E14}.AppStore|iPhone.Build.0 = AppStore|iPhone
		{D6DD5733-1F45-4275-9D76-97204E759E14}.AppStore|iPhone.Deploy.0 = AppStore|iPhone
		{D6DD5733-1F45-4275-9D76-97204E759E14}.AppStore|iPhoneSimulator.ActiveCfg = AppStore|iPhoneSimulator
		{D6DD5733-1F45-4275-9D76-97204E759E14}.AppStore|iPhoneSimulator.Build.0 = AppStore|iPhoneSimulator
		{D6DD5733-1F45-4275-9D76-97204E759E14}.AppStore|iPhoneSimulator.Deploy.0 = AppStore|iPhoneSimulator
		{D6DD5733-1F45-4275-9D76-97204E759E14}.Debug|Any CPU.ActiveCfg = Debug|iPhone
		{D6DD5733-1F45-4275-9D76-97204E759E14}.Debug|Any CPU.Build.0 = Debug|iPhone
		{D6DD5733-1F45-4275-9D76-97204E759E14}.Debug|Any CPU.Deploy.0 = Debug|iPhone
		{D6DD5733-1F45-4275-9D76-97204E759E14}.Debug|iPhone.ActiveCfg = Debug|iPhone
		{D6DD5733-1F45-4275-9D76-97204E759E14}.Debug|iPhone.Build.0 = Debug|iPhone
		{D6DD5733-1F45-4275-9D76-97204E759E14}.Debug|iPhone.Deploy.0 = Debug|iPhone
		{D6DD5733-1F45-4275-9D76-97204E759E14}.Debug|iPhoneSimulator.ActiveCfg = Debug|iPhoneSimulator
		{D6DD5733-1F45-4275-9D76-97204E759E14}.Debug|iPhoneSimulator.Build.0 = Debug|iPhoneSimulator
		{D6DD5733-1F45-4275-9D76-97204E759E14}.Debug|iPhoneSimulator.Deploy.0 = Debug|iPhoneSimulator
		{D6DD5733-1F45-4275-9D76-97204E759E14}.Release|Any CPU.ActiveCfg = Release|iPhone
		{D6DD5733-1F45-4275-9D76-97204E759E14}.Release|Any CPU.Build.0 = Release|iPhone
		{D6DD5733-1F45-4275-9D76-97204E759E14}.Release|Any CPU.Deploy.0 = Release|iPhone
		{D6DD5733-1F45-4275-9D76-97204E759E14}.Release|iPhone.ActiveCfg = Release|iPhone
		{D6DD5733-1F45-4275-9D76-97204E759E14}.Release|iPhone.Build.0 = Release|iPhone
		{D6DD5733-1F45-4275-9D76-97204E759E14}.Release|iPhone.Deploy.0 = Release|iPhone
		{D6DD5733-1F45-4275-9D76-97204E759E14}.Release|iPhoneSimulator.ActiveCfg = Release|iPhoneSimulator
		{D6DD5733-1F45-4275-9D76-97204E759E14}.Release|iPhoneSimulator.Build.0 = Release|iPhoneSimulator
		{D6DD5733-1F45-4275-9D76-97204E759E14}.Release|iPhoneSimulator.Deploy.0 = Release|iPhoneSimulator
		{4E39662D-1F0E-40BD-890B-AD91D40E5C11}.Ad-Hoc|Any CPU.ActiveCfg = Debug|Any CPU
		{4E39662D-1F0E-40BD-890B-AD91D40E5C11}.Ad-Hoc|Any CPU.Build.0 = Debug|Any CPU
		{4E39662D-1F0E-40BD-890B-AD91D40E5C11}.Ad-Hoc|Any CPU.Deploy.0 = Debug|Any CPU
		{4E39662D-1F0E-40BD-890B-AD91D40E5C11}.Ad-Hoc|iPhone.ActiveCfg = Debug|Any CPU
		{4E39662D-1F0E-40BD-890B-AD91D40E5C11}.Ad-Hoc|iPhone.Build.0 = Debug|Any CPU
		{4E39662D-1F0E-40BD-890B-AD91D40E5C11}.Ad-Hoc|iPhone.Deploy.0 = Debug|Any CPU
		{4E39662D-1F0E-40BD-890B-AD91D40E5C11}.Ad-Hoc|iPhoneSimulator.ActiveCfg = Debug|Any CPU
		{4E39662D-1F0E-40BD-890B-AD91D40E5C11}.Ad-Hoc|iPhoneSimulator.Build.0 = Debug|Any CPU
		{4E39662D-1F0E-40BD-890B-AD91D40E5C11}.Ad-Hoc|iPhoneSimulator.Deploy.0 = Debug|Any CPU
		{4E39662D-1F0E-40BD-890B-AD91D40E5C11}.AppStore|Any CPU.ActiveCfg = Debug|Any CPU
		{4E39662D-1F0E-40BD-890B-AD91D40E5C11}.AppStore|Any CPU.Build.0 = Debug|Any CPU
		{4E39662D-1F0E-40BD-890B-AD91D40E5C11}.AppStore|Any CPU.Deploy.0 = Debug|Any CPU
		{4E39662D-1F0E-40BD-890B-AD91D40E5C11}.AppStore|iPhone.ActiveCfg = Debug|Any CPU
		{4E39662D-1F0E-40BD-890B-AD91D40E5C11}.AppStore|iPhone.Build.0 = Debug|Any CPU
		{4E39662D-1F0E-40BD-890B-AD91D40E5C11}.AppStore|iPhone.Deploy.0 = Debug|Any CPU
		{4E39662D-1F0E-40BD-890B-AD91D40E5C11}.AppStore|iPhoneSimulator.ActiveCfg = Debug|Any CPU
		{4E39662D-1F0E-40BD-890B-AD91D40E5C11}.AppStore|iPhoneSimulator.Build.0 = Debug|Any CPU
		{4E39662D-1F0E-40BD-890B-AD91D40E5C11}.AppStore|iPhoneSimulator.Deploy.0 = Debug|Any CPU
		{4E39662D-1F0E-40BD-890B-AD91D40E5C11}.Debug|Any CPU.ActiveCfg = Debug|Any CPU
		{4E39662D-1F0E-40BD-890B-AD91D40E5C11}.Debug|Any CPU.Build.0 = Debug|Any CPU
		{4E39662D-1F0E-40BD-890B-AD91D40E5C11}.Debug|Any CPU.Deploy.0 = Debug|Any CPU
		{4E39662D-1F0E-40BD-890B-AD91D40E5C11}.Debug|iPhone.ActiveCfg = Debug|Any CPU
		{4E39662D-1F0E-40BD-890B-AD91D40E5C11}.Debug|iPhone.Build.0 = Debug|Any CPU
		{4E39662D-1F0E-40BD-890B-AD91D40E5C11}.Debug|iPhone.Deploy.0 = Debug|Any CPU
		{4E39662D-1F0E-40BD-890B-AD91D40E5C11}.Debug|iPhoneSimulator.ActiveCfg = Debug|Any CPU
		{4E39662D-1F0E-40BD-890B-AD91D40E5C11}.Debug|iPhoneSimulator.Build.0 = Debug|Any CPU
		{4E39662D-1F0E-40BD-890B-AD91D40E5C11}.Debug|iPhoneSimulator.Deploy.0 = Debug|Any CPU
		{4E39662D-1F0E-40BD-890B-AD91D40E5C11}.Release|Any CPU.ActiveCfg = Release|Any CPU
		{4E39662D-1F0E-40BD-890B-AD91D40E5C11}.Release|Any CPU.Build.0 = Release|Any CPU
		{4E39662D-1F0E-40BD-890B-AD91D40E5C11}.Release|Any CPU.Deploy.0 = Release|Any CPU
		{4E39662D-1F0E-40BD-890B-AD91D40E5C11}.Release|iPhone.ActiveCfg = Release|Any CPU
		{4E39662D-1F0E-40BD-890B-AD91D40E5C11}.Release|iPhone.Build.0 = Release|Any CPU
		{4E39662D-1F0E-40BD-890B-AD91D40E5C11}.Release|iPhone.Deploy.0 = Release|Any CPU
		{4E39662D-1F0E-40BD-890B-AD91D40E5C11}.Release|iPhoneSimulator.ActiveCfg = Release|Any CPU
		{4E39662D-1F0E-40BD-890B-AD91D40E5C11}.Release|iPhoneSimulator.Build.0 = Release|Any CPU
		{4E39662D-1F0E-40BD-890B-AD91D40E5C11}.Release|iPhoneSimulator.Deploy.0 = Release|Any CPU
	EndGlobalSection
	GlobalSection(SolutionProperties) = preSolution
		HideSolutionNode = FALSE
	EndGlobalSection
	GlobalSection(ExtensibilityGlobals) = postSolution
		SolutionGuid = {42F1AFFD-AE8A-4C5C-AB90-2FD45A39A229}
	EndGlobalSection
EndGlobal
